
Microsoft Visual Studio Solution File, Format Version 12.00
# Visual Studio 15
Project("{FAE04EC0-301F-11D3-BF4B-00C04F79EFBC}") = "PhotonUnityNetworking.Utilities", "PhotonUnityNetworking.Utilities.csproj", "{2EBFD5C4-6B82-774C-40AE-97038940C35A}"
EndProject
Project("{FAE04EC0-301F-11D3-BF4B-00C04F79EFBC}") = "Assembly-CSharp", "Assembly-CSharp.csproj", "{BE6A4FD2-9AFF-809D-DEB9-44AB6751635B}"
EndProject
Project("{FAE04EC0-301F-11D3-BF4B-00C04F79EFBC}") = "PhotonUnityNetworking.Demos", "PhotonUnityNetworking.Demos.csproj", "{B8D3D02C-6208-269E-6664-CEA15C6638E0}"
EndProject
Project("{FAE04EC0-301F-11D3-BF4B-00C04F79EFBC}") = "PhotonUnityNetworking", "PhotonUnityNetworking.csproj", "{15B0E6EC-EC8A-BFF5-5E1D-D9A0A403E5E9}"
EndProject
Project("{FAE04EC0-301F-11D3-BF4B-00C04F79EFBC}") = "PhotonChat", "PhotonChat.csproj", "{0A760B2A-83F0-9802-5A3E-F358E174CBF6}"
EndProject
Project("{FAE04EC0-301F-11D3-BF4B-00C04F79EFBC}") = "PhotonRealtime", "PhotonRealtime.csproj", "{5DB40799-E844-2A5B-5FF0-BAD6E31C2B13}"
EndProject
Project("{FAE04EC0-301F-11D3-BF4B-00C04F79EFBC}") = "PhotonUnityNetworking.Editor", "PhotonUnityNetworking.Editor.csproj", "{F6DF0C6A-1329-96FE-C8FF-827A3915DBD8}"
EndProject
Project("{FAE04EC0-301F-11D3-BF4B-00C04F79EFBC}") = "PhotonUnityNetworking.Utilities.PhotonPlayer.Editor", "PhotonUnityNetworking.Utilities.PhotonPlayer.Editor.csproj", "{7C1E7031-D060-57A3-9D8A-2122119A7044}"
EndProject
Project("{FAE04EC0-301F-11D3-BF4B-00C04F79EFBC}") = "PunDemos.DemoSlotcarEditor", "PunDemos.DemoSlotcarEditor.csproj", "{52079505-2ADD-A52D-E7D3-35007E4BDD5F}"
EndProject
Project("{FAE04EC0-301F-11D3-BF4B-00C04F79EFBC}") = "PhotonUnityNetworking.Utilities.Culling.Editor", "PhotonUnityNetworking.Utilities.Culling.Editor.csproj", "{02622583-FE9F-B8D4-6D11-AB0760366AE9}"
EndProject
Project("{FAE04EC0-301F-11D3-BF4B-00C04F79EFBC}") = "PunDemos.DemoHubEditor", "PunDemos.DemoHubEditor.csproj", "{F2789487-5C95-201C-28F5-2B7A78E9D762}"
EndProject
Global
	GlobalSection(SolutionConfigurationPlatforms) = preSolution
		Debug|Any CPU = Debug|Any CPU
		Release|Any CPU = Release|Any CPU
	EndGlobalSection
	GlobalSection(ProjectConfigurationPlatforms) = postSolution
		{2EBFD5C4-6B82-774C-40AE-97038940C35A}.Debug|Any CPU.ActiveCfg = Debug|Any CPU
		{2EBFD5C4-6B82-774C-40AE-97038940C35A}.Debug|Any CPU.Build.0 = Debug|Any CPU
		{2EBFD5C4-6B82-774C-40AE-97038940C35A}.Release|Any CPU.ActiveCfg = Release|Any CPU
		{2EBFD5C4-6B82-774C-40AE-97038940C35A}.Release|Any CPU.Build.0 = Release|Any CPU
		{BE6A4FD2-9AFF-809D-DEB9-44AB6751635B}.Debug|Any CPU.ActiveCfg = Debug|Any CPU
		{BE6A4FD2-9AFF-809D-DEB9-44AB6751635B}.Debug|Any CPU.Build.0 = Debug|Any CPU
		{BE6A4FD2-9AFF-809D-DEB9-44AB6751635B}.Release|Any CPU.ActiveCfg = Release|Any CPU
		{BE6A4FD2-9AFF-809D-DEB9-44AB6751635B}.Release|Any CPU.Build.0 = Release|Any CPU
		{B8D3D02C-6208-269E-6664-CEA15C6638E0}.Debug|Any CPU.ActiveCfg = Debug|Any CPU
		{B8D3D02C-6208-269E-6664-CEA15C6638E0}.Debug|Any CPU.Build.0 = Debug|Any CPU
		{B8D3D02C-6208-269E-6664-CEA15C6638E0}.Release|Any CPU.ActiveCfg = Release|Any CPU
		{B8D3D02C-6208-269E-6664-CEA15C6638E0}.Release|Any CPU.Build.0 = Release|Any CPU
		{15B0E6EC-EC8A-BFF5-5E1D-D9A0A403E5E9}.Debug|Any CPU.ActiveCfg = Debug|Any CPU
		{15B0E6EC-EC8A-BFF5-5E1D-D9A0A403E5E9}.Debug|Any CPU.Build.0 = Debug|Any CPU
		{15B0E6EC-EC8A-BFF5-5E1D-D9A0A403E5E9}.Release|Any CPU.ActiveCfg = Release|Any CPU
		{15B0E6EC-EC8A-BFF5-5E1D-D9A0A403E5E9}.Release|Any CPU.Build.0 = Release|Any CPU
		{0A760B2A-83F0-9802-5A3E-F358E174CBF6}.Debug|Any CPU.ActiveCfg = Debug|Any CPU
		{0A760B2A-83F0-9802-5A3E-F358E174CBF6}.Debug|Any CPU.Build.0 = Debug|Any CPU
		{0A760B2A-83F0-9802-5A3E-F358E174CBF6}.Release|Any CPU.ActiveCfg = Release|Any CPU
		{0A760B2A-83F0-9802-5A3E-F358E174CBF6}.Release|Any CPU.Build.0 = Release|Any CPU
		{5DB40799-E844-2A5B-5FF0-BAD6E31C2B13}.Debug|Any CPU.ActiveCfg = Debug|Any CPU
		{5DB40799-E844-2A5B-5FF0-BAD6E31C2B13}.Debug|Any CPU.Build.0 = Debug|Any CPU
		{5DB40799-E844-2A5B-5FF0-BAD6E31C2B13}.Release|Any CPU.ActiveCfg = Release|Any CPU
		{5DB40799-E844-2A5B-5FF0-BAD6E31C2B13}.Release|Any CPU.Build.0 = Release|Any CPU
		{F6DF0C6A-1329-96FE-C8FF-827A3915DBD8}.Debug|Any CPU.ActiveCfg = Debug|Any CPU
		{F6DF0C6A-1329-96FE-C8FF-827A3915DBD8}.Debug|Any CPU.Build.0 = Debug|Any CPU
		{F6DF0C6A-1329-96FE-C8FF-827A3915DBD8}.Release|Any CPU.ActiveCfg = Release|Any CPU
		{F6DF0C6A-1329-96FE-C8FF-827A3915DBD8}.Release|Any CPU.Build.0 = Release|Any CPU
		{7C1E7031-D060-57A3-9D8A-2122119A7044}.Debug|Any CPU.ActiveCfg = Debug|Any CPU
		{7C1E7031-D060-57A3-9D8A-2122119A7044}.Debug|Any CPU.Build.0 = Debug|Any CPU
		{7C1E7031-D060-57A3-9D8A-2122119A7044}.Release|Any CPU.ActiveCfg = Release|Any CPU
		{7C1E7031-D060-57A3-9D8A-2122119A7044}.Release|Any CPU.Build.0 = Release|Any CPU
		{52079505-2ADD-A52D-E7D3-35007E4BDD5F}.Debug|Any CPU.ActiveCfg = Debug|Any CPU
		{52079505-2ADD-A52D-E7D3-35007E4BDD5F}.Debug|Any CPU.Build.0 = Debug|Any CPU
		{52079505-2ADD-A52D-E7D3-35007E4BDD5F}.Release|Any CPU.ActiveCfg = Release|Any CPU
		{52079505-2ADD-A52D-E7D3-35007E4BDD5F}.Release|Any CPU.Build.0 = Release|Any CPU
		{02622583-FE9F-B8D4-6D11-AB0760366AE9}.Debug|Any CPU.ActiveCfg = Debug|Any CPU
		{02622583-FE9F-B8D4-6D11-AB0760366AE9}.Debug|Any CPU.Build.0 = Debug|Any CPU
		{02622583-FE9F-B8D4-6D11-AB0760366AE9}.Release|Any CPU.ActiveCfg = Release|Any CPU
		{02622583-FE9F-B8D4-6D11-AB0760366AE9}.Release|Any CPU.Build.0 = Release|Any CPU
		{F2789487-5C95-201C-28F5-2B7A78E9D762}.Debug|Any CPU.ActiveCfg = Debug|Any CPU
		{F2789487-5C95-201C-28F5-2B7A78E9D762}.Debug|Any CPU.Build.0 = Debug|Any CPU
		{F2789487-5C95-201C-28F5-2B7A78E9D762}.Release|Any CPU.ActiveCfg = Release|Any CPU
		{F2789487-5C95-201C-28F5-2B7A78E9D762}.Release|Any CPU.Build.0 = Release|Any CPU
	EndGlobalSection
	GlobalSection(SolutionProperties) = preSolution
		HideSolutionNode = FALSE
	EndGlobalSection
EndGlobal
